
Microsoft Visual Studio Solution File, Format Version 12.00
# Visual Studio Version 16
VisualStudioVersion = 16.0.32106.194
MinimumVisualStudioVersion = 10.0.40219.1
Project("{FAE04EC0-301F-11D3-BF4B-00C04F79EFBC}") = "RolePlayingGameWeb API", "Role Playing Game - Web API\RolePlayingGameWeb API.csproj", "{D8D65BCE-0E37-48FA-B610-7BBF9D154723}"
EndProject
Global
	GlobalSection(SolutionConfigurationPlatforms) = preSolution
		Debug|Any CPU = Debug|Any CPU
		Release|Any CPU = Release|Any CPU
	EndGlobalSection
	GlobalSection(ProjectConfigurationPlatforms) = postSolution
		{D8D65BCE-0E37-48FA-B610-7BBF9D154723}.Debug|Any CPU.ActiveCfg = Debug|Any CPU
		{D8D65BCE-0E37-48FA-B610-7BBF9D154723}.Debug|Any CPU.Build.0 = Debug|Any CPU
		{D8D65BCE-0E37-48FA-B610-7BBF9D154723}.Release|Any CPU.ActiveCfg = Release|Any CPU
		{D8D65BCE-0E37-48FA-B610-7BBF9D154723}.Release|Any CPU.Build.0 = Release|Any CPU
	EndGlobalSection
	GlobalSection(SolutionProperties) = preSolution
		HideSolutionNode = FALSE
	EndGlobalSection
	GlobalSection(ExtensibilityGlobals) = postSolution
		SolutionGuid = {0657080D-4C24-4D46-94D8-0D913F8ABBAA}
	EndGlobalSection
EndGlobal
